// !$*UTF8*$!
{
	archiveVersion = 1;
	classes = {
	};
	objectVersion = 46;
	objects = {

/* Begin PBXBuildFile section */
		04D9953E1D94D7EB00BD9E55 /* Interface.c in Sources */ = {isa = PBXBuildFile; fileRef = 04D9953C1D94D7EB00BD9E55 /* Interface.c */; settings = {COMPILER_FLAGS = "-fno-objc-arc"; }; };
		04D995441D9510F000BD9E55 /* event.c in Sources */ = {isa = PBXBuildFile; fileRef = 04D9953F1D9510F000BD9E55 /* event.c */; settings = {COMPILER_FLAGS = "-fno-objc-arc"; }; };
		04D995451D9510F000BD9E55 /* network.c in Sources */ = {isa = PBXBuildFile; fileRef = 04D995431D9510F000BD9E55 /* network.c */; settings = {COMPILER_FLAGS = "-fno-objc-arc"; }; };
		04E0DE0D1D942A7900EE92F8 /* main.m in Sources */ = {isa = PBXBuildFile; fileRef = 04E0DE0C1D942A7900EE92F8 /* main.m */; };
		04E0DE101D942A7900EE92F8 /* AppDelegate.m in Sources */ = {isa = PBXBuildFile; fileRef = 04E0DE0F1D942A7900EE92F8 /* AppDelegate.m */; };
		04E0DE131D942A7900EE92F8 /* ViewController.m in Sources */ = {isa = PBXBuildFile; fileRef = 04E0DE121D942A7900EE92F8 /* ViewController.m */; };
		04E0DE161D942A7900EE92F8 /* Main.storyboard in Resources */ = {isa = PBXBuildFile; fileRef = 04E0DE141D942A7900EE92F8 /* Main.storyboard */; };
		04E0DE181D942A7900EE92F8 /* Assets.xcassets in Resources */ = {isa = PBXBuildFile; fileRef = 04E0DE171D942A7900EE92F8 /* Assets.xcassets */; };
		04E0DE1B1D942A7900EE92F8 /* LaunchScreen.storyboard in Resources */ = {isa = PBXBuildFile; fileRef = 04E0DE191D942A7900EE92F8 /* LaunchScreen.storyboard */; };
		04E0DE261D942A7900EE92F8 /* voicesTests.m in Sources */ = {isa = PBXBuildFile; fileRef = 04E0DE251D942A7900EE92F8 /* voicesTests.m */; };
		04E0DE311D942A7900EE92F8 /* voicesUITests.m in Sources */ = {isa = PBXBuildFile; fileRef = 04E0DE301D942A7900EE92F8 /* voicesUITests.m */; };
		4F3053141D967DCD00FBF809 /* libz.1.tbd in Frameworks */ = {isa = PBXBuildFile; fileRef = 4F3053131D967DCD00FBF809 /* libz.1.tbd */; };
		4F30531A1D96AA9D00FBF809 /* libiosbase.a in Frameworks */ = {isa = PBXBuildFile; fileRef = 4F3053191D96AA9D00FBF809 /* libiosbase.a */; };
/* End PBXBuildFile section */

/* Begin PBXContainerItemProxy section */
		04E0DE221D942A7900EE92F8 /* PBXContainerItemProxy */ = {
			isa = PBXContainerItemProxy;
			containerPortal = 04E0DE001D942A7900EE92F8 /* Project object */;
			proxyType = 1;
			remoteGlobalIDString = 04E0DE071D942A7900EE92F8;
			remoteInfo = voices;
		};
		04E0DE2D1D942A7900EE92F8 /* PBXContainerItemProxy */ = {
			isa = PBXContainerItemProxy;
			containerPortal = 04E0DE001D942A7900EE92F8 /* Project object */;
			proxyType = 1;
			remoteGlobalIDString = 04E0DE071D942A7900EE92F8;
			remoteInfo = voices;
		};
/* End PBXContainerItemProxy section */

/* Begin PBXFileReference section */
		04D9953C1D94D7EB00BD9E55 /* Interface.c */ = {isa = PBXFileReference; fileEncoding = 4; lastKnownFileType = sourcecode.c.c; path = Interface.c; sourceTree = "<group>"; };
		04D9953D1D94D7EB00BD9E55 /* Interface.h */ = {isa = PBXFileReference; fileEncoding = 4; lastKnownFileType = sourcecode.c.h; path = Interface.h; sourceTree = "<group>"; };
		04D9953F1D9510F000BD9E55 /* event.c */ = {isa = PBXFileReference; fileEncoding = 4; lastKnownFileType = sourcecode.c.c; path = event.c; sourceTree = "<group>"; };
		04D995401D9510F000BD9E55 /* event.h */ = {isa = PBXFileReference; fileEncoding = 4; lastKnownFileType = sourcecode.c.h; path = event.h; sourceTree = "<group>"; };
		04D995411D9510F000BD9E55 /* kernel_list.h */ = {isa = PBXFileReference; fileEncoding = 4; lastKnownFileType = sourcecode.c.h; path = kernel_list.h; sourceTree = "<group>"; };
		04D995421D9510F000BD9E55 /* netInter.h */ = {isa = PBXFileReference; fileEncoding = 4; lastKnownFileType = sourcecode.c.h; path = netInter.h; sourceTree = "<group>"; };
		04D995431D9510F000BD9E55 /* network.c */ = {isa = PBXFileReference; fileEncoding = 4; lastKnownFileType = sourcecode.c.c; path = network.c; sourceTree = "<group>"; };
		04D995461D95116D00BD9E55 /* cJSON.h */ = {isa = PBXFileReference; fileEncoding = 4; lastKnownFileType = sourcecode.c.h; path = cJSON.h; sourceTree = "<group>"; };
		04D995471D9511AB00BD9E55 /* debug.h */ = {isa = PBXFileReference; fileEncoding = 4; lastKnownFileType = sourcecode.c.h; path = debug.h; sourceTree = "<group>"; };
		04E0DE081D942A7900EE92F8 /* voices.app */ = {isa = PBXFileReference; explicitFileType = wrapper.application; includeInIndex = 0; path = voices.app; sourceTree = BUILT_PRODUCTS_DIR; };
		04E0DE0C1D942A7900EE92F8 /* main.m */ = {isa = PBXFileReference; lastKnownFileType = sourcecode.c.objc; path = main.m; sourceTree = "<group>"; };
		04E0DE0E1D942A7900EE92F8 /* AppDelegate.h */ = {isa = PBXFileReference; lastKnownFileType = sourcecode.c.h; path = AppDelegate.h; sourceTree = "<group>"; };
		04E0DE0F1D942A7900EE92F8 /* AppDelegate.m */ = {isa = PBXFileReference; lastKnownFileType = sourcecode.c.objc; path = AppDelegate.m; sourceTree = "<group>"; };
		04E0DE111D942A7900EE92F8 /* ViewController.h */ = {isa = PBXFileReference; lastKnownFileType = sourcecode.c.h; path = ViewController.h; sourceTree = "<group>"; };
		04E0DE121D942A7900EE92F8 /* ViewController.m */ = {isa = PBXFileReference; lastKnownFileType = sourcecode.c.objc; path = ViewController.m; sourceTree = "<group>"; };
		04E0DE151D942A7900EE92F8 /* Base */ = {isa = PBXFileReference; lastKnownFileType = file.storyboard; name = Base; path = Base.lproj/Main.storyboard; sourceTree = "<group>"; };
		04E0DE171D942A7900EE92F8 /* Assets.xcassets */ = {isa = PBXFileReference; lastKnownFileType = folder.assetcatalog; path = Assets.xcassets; sourceTree = "<group>"; };
		04E0DE1A1D942A7900EE92F8 /* Base */ = {isa = PBXFileReference; lastKnownFileType = file.storyboard; name = Base; path = Base.lproj/LaunchScreen.storyboard; sourceTree = "<group>"; };
		04E0DE1C1D942A7900EE92F8 /* Info.plist */ = {isa = PBXFileReference; lastKnownFileType = text.plist.xml; path = Info.plist; sourceTree = "<group>"; };
		04E0DE211D942A7900EE92F8 /* voicesTests.xctest */ = {isa = PBXFileReference; explicitFileType = wrapper.cfbundle; includeInIndex = 0; path = voicesTests.xctest; sourceTree = BUILT_PRODUCTS_DIR; };
		04E0DE251D942A7900EE92F8 /* voicesTests.m */ = {isa = PBXFileReference; lastKnownFileType = sourcecode.c.objc; path = voicesTests.m; sourceTree = "<group>"; };
		04E0DE271D942A7900EE92F8 /* Info.plist */ = {isa = PBXFileReference; lastKnownFileType = text.plist.xml; path = Info.plist; sourceTree = "<group>"; };
		04E0DE2C1D942A7900EE92F8 /* voicesUITests.xctest */ = {isa = PBXFileReference; explicitFileType = wrapper.cfbundle; includeInIndex = 0; path = voicesUITests.xctest; sourceTree = BUILT_PRODUCTS_DIR; };
		04E0DE301D942A7900EE92F8 /* voicesUITests.m */ = {isa = PBXFileReference; lastKnownFileType = sourcecode.c.objc; path = voicesUITests.m; sourceTree = "<group>"; };
		04E0DE321D942A7900EE92F8 /* Info.plist */ = {isa = PBXFileReference; lastKnownFileType = text.plist.xml; path = Info.plist; sourceTree = "<group>"; };
		04E0DE3F1D942D6C00EE92F8 /* aes_demo.h */ = {isa = PBXFileReference; fileEncoding = 4; lastKnownFileType = sourcecode.c.h; path = aes_demo.h; sourceTree = "<group>"; };
		04E0DE401D942D6C00EE92F8 /* demo_tcp.h */ = {isa = PBXFileReference; fileEncoding = 4; lastKnownFileType = sourcecode.c.h; path = demo_tcp.h; sourceTree = "<group>"; };
		04E0DE411D942D6C00EE92F8 /* fileMes.h */ = {isa = PBXFileReference; fileEncoding = 4; lastKnownFileType = sourcecode.c.h; path = fileMes.h; sourceTree = "<group>"; };
		04E0DE421D942D6C00EE92F8 /* head_mp3.h */ = {isa = PBXFileReference; fileEncoding = 4; lastKnownFileType = sourcecode.c.h; path = head_mp3.h; sourceTree = "<group>"; };
		04E0DE431D942D6C00EE92F8 /* pool.h */ = {isa = PBXFileReference; fileEncoding = 4; lastKnownFileType = sourcecode.c.h; path = pool.h; sourceTree = "<group>"; };
		04E0DE441D942D6C00EE92F8 /* queWorkCond.h */ = {isa = PBXFileReference; fileEncoding = 4; lastKnownFileType = sourcecode.c.h; path = queWorkCond.h; sourceTree = "<group>"; };
		04E0DE451D942D6C00EE92F8 /* tools.h */ = {isa = PBXFileReference; fileEncoding = 4; lastKnownFileType = sourcecode.c.h; path = tools.h; sourceTree = "<group>"; };
		04E0DE461D942D6C00EE92F8 /* udp_sock.h */ = {isa = PBXFileReference; fileEncoding = 4; lastKnownFileType = sourcecode.c.h; path = udp_sock.h; sourceTree = "<group>"; };
		4F3053131D967DCD00FBF809 /* libz.1.tbd */ = {isa = PBXFileReference; lastKnownFileType = "sourcecode.text-based-dylib-definition"; name = libz.1.tbd; path = usr/lib/libz.1.tbd; sourceTree = SDKROOT; };
		4F3053191D96AA9D00FBF809 /* libiosbase.a */ = {isa = PBXFileReference; lastKnownFileType = archive.ar; path = libiosbase.a; sourceTree = "<group>"; };
/* End PBXFileReference section */

/* Begin PBXFrameworksBuildPhase section */
		04E0DE051D942A7900EE92F8 /* Frameworks */ = {
			isa = PBXFrameworksBuildPhase;
			buildActionMask = 2147483647;
			files = (
				4F30531A1D96AA9D00FBF809 /* libiosbase.a in Frameworks */,
				4F3053141D967DCD00FBF809 /* libz.1.tbd in Frameworks */,
			);
			runOnlyForDeploymentPostprocessing = 0;
		};
		04E0DE1E1D942A7900EE92F8 /* Frameworks */ = {
			isa = PBXFrameworksBuildPhase;
			buildActionMask = 2147483647;
			files = (
			);
			runOnlyForDeploymentPostprocessing = 0;
		};
		04E0DE291D942A7900EE92F8 /* Frameworks */ = {
			isa = PBXFrameworksBuildPhase;
			buildActionMask = 2147483647;
			files = (
			);
			runOnlyForDeploymentPostprocessing = 0;
		};
/* End PBXFrameworksBuildPhase section */

/* Begin PBXGroup section */
		04E0DDFF1D942A7900EE92F8 = {
			isa = PBXGroup;
			children = (
				4F3053191D96AA9D00FBF809 /* libiosbase.a */,
				4F3053131D967DCD00FBF809 /* libz.1.tbd */,
				04E0DE0A1D942A7900EE92F8 /* voices */,
				04E0DE241D942A7900EE92F8 /* voicesTests */,
				04E0DE2F1D942A7900EE92F8 /* voicesUITests */,
				04E0DE091D942A7900EE92F8 /* Products */,
			);
			sourceTree = "<group>";
		};
		04E0DE091D942A7900EE92F8 /* Products */ = {
			isa = PBXGroup;
			children = (
				04E0DE081D942A7900EE92F8 /* voices.app */,
				04E0DE211D942A7900EE92F8 /* voicesTests.xctest */,
				04E0DE2C1D942A7900EE92F8 /* voicesUITests.xctest */,
			);
			name = Products;
			sourceTree = "<group>";
		};
		04E0DE0A1D942A7900EE92F8 /* voices */ = {
			isa = PBXGroup;
			children = (
				04E0DE0E1D942A7900EE92F8 /* AppDelegate.h */,
				04E0DE0F1D942A7900EE92F8 /* AppDelegate.m */,
				04E0DE111D942A7900EE92F8 /* ViewController.h */,
				04E0DE121D942A7900EE92F8 /* ViewController.m */,
				04E0DE141D942A7900EE92F8 /* Main.storyboard */,
				04E0DE171D942A7900EE92F8 /* Assets.xcassets */,
				04E0DE191D942A7900EE92F8 /* LaunchScreen.storyboard */,
				04E0DE1C1D942A7900EE92F8 /* Info.plist */,
				04E0DE0B1D942A7900EE92F8 /* Supporting Files */,
			);
			path = voices;
			sourceTree = "<group>";
		};
		04E0DE0B1D942A7900EE92F8 /* Supporting Files */ = {
			isa = PBXGroup;
			children = (
				04D9953F1D9510F000BD9E55 /* event.c */,
				04D995401D9510F000BD9E55 /* event.h */,
				04D995411D9510F000BD9E55 /* kernel_list.h */,
				04D995421D9510F000BD9E55 /* netInter.h */,
				04D995431D9510F000BD9E55 /* network.c */,
				04D995471D9511AB00BD9E55 /* debug.h */,
				04E0DE3E1D942D3B00EE92F8 /* base */,
				04E0DE0C1D942A7900EE92F8 /* main.m */,
				04D9953C1D94D7EB00BD9E55 /* Interface.c */,
				04D9953D1D94D7EB00BD9E55 /* Interface.h */,
			);
			name = "Supporting Files";
			sourceTree = "<group>";
		};
		04E0DE241D942A7900EE92F8 /* voicesTests */ = {
			isa = PBXGroup;
			children = (
				04E0DE251D942A7900EE92F8 /* voicesTests.m */,
				04E0DE271D942A7900EE92F8 /* Info.plist */,
			);
			path = voicesTests;
			sourceTree = "<group>";
		};
		04E0DE2F1D942A7900EE92F8 /* voicesUITests */ = {
			isa = PBXGroup;
			children = (
				04E0DE301D942A7900EE92F8 /* voicesUITests.m */,
				04E0DE321D942A7900EE92F8 /* Info.plist */,
			);
			path = voicesUITests;
			sourceTree = "<group>";
		};
		04E0DE3E1D942D3B00EE92F8 /* base */ = {
			isa = PBXGroup;
			children = (
				04D995461D95116D00BD9E55 /* cJSON.h */,
				04E0DE3F1D942D6C00EE92F8 /* aes_demo.h */,
				04E0DE401D942D6C00EE92F8 /* demo_tcp.h */,
				04E0DE411D942D6C00EE92F8 /* fileMes.h */,
				04E0DE421D942D6C00EE92F8 /* head_mp3.h */,
				04E0DE431D942D6C00EE92F8 /* pool.h */,
				04E0DE441D942D6C00EE92F8 /* queWorkCond.h */,
				04E0DE451D942D6C00EE92F8 /* tools.h */,
				04E0DE461D942D6C00EE92F8 /* udp_sock.h */,
			);
			name = base;
			sourceTree = "<group>";
		};
/* End PBXGroup section */

/* Begin PBXNativeTarget section */
		04E0DE071D942A7900EE92F8 /* voices */ = {
			isa = PBXNativeTarget;
			buildConfigurationList = 04E0DE351D942A7900EE92F8 /* Build configuration list for PBXNativeTarget "voices" */;
			buildPhases = (
				04E0DE041D942A7900EE92F8 /* Sources */,
				04E0DE051D942A7900EE92F8 /* Frameworks */,
				04E0DE061D942A7900EE92F8 /* Resources */,
			);
			buildRules = (
			);
			dependencies = (
			);
			name = voices;
			productName = voices;
			productReference = 04E0DE081D942A7900EE92F8 /* voices.app */;
			productType = "com.apple.product-type.application";
		};
		04E0DE201D942A7900EE92F8 /* voicesTests */ = {
			isa = PBXNativeTarget;
			buildConfigurationList = 04E0DE381D942A7900EE92F8 /* Build configuration list for PBXNativeTarget "voicesTests" */;
			buildPhases = (
				04E0DE1D1D942A7900EE92F8 /* Sources */,
				04E0DE1E1D942A7900EE92F8 /* Frameworks */,
				04E0DE1F1D942A7900EE92F8 /* Resources */,
			);
			buildRules = (
			);
			dependencies = (
				04E0DE231D942A7900EE92F8 /* PBXTargetDependency */,
			);
			name = voicesTests;
			productName = voicesTests;
			productReference = 04E0DE211D942A7900EE92F8 /* voicesTests.xctest */;
			productType = "com.apple.product-type.bundle.unit-test";
		};
		04E0DE2B1D942A7900EE92F8 /* voicesUITests */ = {
			isa = PBXNativeTarget;
			buildConfigurationList = 04E0DE3B1D942A7900EE92F8 /* Build configuration list for PBXNativeTarget "voicesUITests" */;
			buildPhases = (
				04E0DE281D942A7900EE92F8 /* Sources */,
				04E0DE291D942A7900EE92F8 /* Frameworks */,
				04E0DE2A1D942A7900EE92F8 /* Resources */,
			);
			buildRules = (
			);
			dependencies = (
				04E0DE2E1D942A7900EE92F8 /* PBXTargetDependency */,
			);
			name = voicesUITests;
			productName = voicesUITests;
			productReference = 04E0DE2C1D942A7900EE92F8 /* voicesUITests.xctest */;
			productType = "com.apple.product-type.bundle.ui-testing";
		};
/* End PBXNativeTarget section */

/* Begin PBXProject section */
		04E0DE001D942A7900EE92F8 /* Project object */ = {
			isa = PBXProject;
			attributes = {
				LastUpgradeCheck = 0720;
				ORGANIZATIONNAME = mac;
				TargetAttributes = {
					04E0DE071D942A7900EE92F8 = {
						CreatedOnToolsVersion = 7.2;
						DevelopmentTeam = 8C6WUFQE7Q;
					};
					04E0DE201D942A7900EE92F8 = {
						CreatedOnToolsVersion = 7.2;
						TestTargetID = 04E0DE071D942A7900EE92F8;
					};
					04E0DE2B1D942A7900EE92F8 = {
						CreatedOnToolsVersion = 7.2;
						TestTargetID = 04E0DE071D942A7900EE92F8;
					};
				};
			};
			buildConfigurationList = 04E0DE031D942A7900EE92F8 /* Build configuration list for PBXProject "voices" */;
			compatibilityVersion = "Xcode 3.2";
			developmentRegion = English;
			hasScannedForEncodings = 0;
			knownRegions = (
				en,
				Base,
			);
			mainGroup = 04E0DDFF1D942A7900EE92F8;
			productRefGroup = 04E0DE091D942A7900EE92F8 /* Products */;
			projectDirPath = "";
			projectRoot = "";
			targets = (
				04E0DE071D942A7900EE92F8 /* voices */,
				04E0DE201D942A7900EE92F8 /* voicesTests */,
				04E0DE2B1D942A7900EE92F8 /* voicesUITests */,
			);
		};
/* End PBXProject section */

/* Begin PBXResourcesBuildPhase section */
		04E0DE061D942A7900EE92F8 /* Resources */ = {
			isa = PBXResourcesBuildPhase;
			buildActionMask = 2147483647;
			files = (
				04E0DE1B1D942A7900EE92F8 /* LaunchScreen.storyboard in Resources */,
				04E0DE181D942A7900EE92F8 /* Assets.xcassets in Resources */,
				04E0DE161D942A7900EE92F8 /* Main.storyboard in Resources */,
			);
			runOnlyForDeploymentPostprocessing = 0;
		};
		04E0DE1F1D942A7900EE92F8 /* Resources */ = {
			isa = PBXResourcesBuildPhase;
			buildActionMask = 2147483647;
			files = (
			);
			runOnlyForDeploymentPostprocessing = 0;
		};
		04E0DE2A1D942A7900EE92F8 /* Resources */ = {
			isa = PBXResourcesBuildPhase;
			buildActionMask = 2147483647;
			files = (
			);
			runOnlyForDeploymentPostprocessing = 0;
		};
/* End PBXResourcesBuildPhase section */

/* Begin PBXSourcesBuildPhase section */
		04E0DE041D942A7900EE92F8 /* Sources */ = {
			isa = PBXSourcesBuildPhase;
			buildActionMask = 2147483647;
			files = (
				04D995451D9510F000BD9E55 /* network.c in Sources */,
				04E0DE131D942A7900EE92F8 /* ViewController.m in Sources */,
				04D9953E1D94D7EB00BD9E55 /* Interface.c in Sources */,
				04E0DE101D942A7900EE92F8 /* AppDelegate.m in Sources */,
				04E0DE0D1D942A7900EE92F8 /* main.m in Sources */,
				04D995441D9510F000BD9E55 /* event.c in Sources */,
			);
			runOnlyForDeploymentPostprocessing = 0;
		};
		04E0DE1D1D942A7900EE92F8 /* Sources */ = {
			isa = PBXSourcesBuildPhase;
			buildActionMask = 2147483647;
			files = (
				04E0DE261D942A7900EE92F8 /* voicesTests.m in Sources */,
			);
			runOnlyForDeploymentPostprocessing = 0;
		};
		04E0DE281D942A7900EE92F8 /* Sources */ = {
			isa = PBXSourcesBuildPhase;
			buildActionMask = 2147483647;
			files = (
				04E0DE311D942A7900EE92F8 /* voicesUITests.m in Sources */,
			);
			runOnlyForDeploymentPostprocessing = 0;
		};
/* End PBXSourcesBuildPhase section */

/* Begin PBXTargetDependency section */
		04E0DE231D942A7900EE92F8 /* PBXTargetDependency */ = {
			isa = PBXTargetDependency;
			target = 04E0DE071D942A7900EE92F8 /* voices */;
			targetProxy = 04E0DE221D942A7900EE92F8 /* PBXContainerItemProxy */;
		};
		04E0DE2E1D942A7900EE92F8 /* PBXTargetDependency */ = {
			isa = PBXTargetDependency;
			target = 04E0DE071D942A7900EE92F8 /* voices */;
			targetProxy = 04E0DE2D1D942A7900EE92F8 /* PBXContainerItemProxy */;
		};
/* End PBXTargetDependency section */

/* Begin PBXVariantGroup section */
		04E0DE141D942A7900EE92F8 /* Main.storyboard */ = {
			isa = PBXVariantGroup;
			children = (
				04E0DE151D942A7900EE92F8 /* Base */,
			);
			name = Main.storyboard;
			sourceTree = "<group>";
		};
		04E0DE191D942A7900EE92F8 /* LaunchScreen.storyboard */ = {
			isa = PBXVariantGroup;
			children = (
				04E0DE1A1D942A7900EE92F8 /* Base */,
			);
			name = LaunchScreen.storyboard;
			sourceTree = "<group>";
		};
/* End PBXVariantGroup section */

/* Begin XCBuildConfiguration section */
		04E0DE331D942A7900EE92F8 /* Debug */ = {
			isa = XCBuildConfiguration;
			buildSettings = {
				ALWAYS_SEARCH_USER_PATHS = NO;
				CLANG_CXX_LANGUAGE_STANDARD = "gnu++0x";
				CLANG_CXX_LIBRARY = "libc++";
				CLANG_ENABLE_MODULES = YES;
				CLANG_ENABLE_OBJC_ARC = YES;
				CLANG_WARN_BOOL_CONVERSION = YES;
				CLANG_WARN_CONSTANT_CONVERSION = YES;
				CLANG_WARN_DIRECT_OBJC_ISA_USAGE = YES_ERROR;
				CLANG_WARN_EMPTY_BODY = YES;
				CLANG_WARN_ENUM_CONVERSION = YES;
				CLANG_WARN_INT_CONVERSION = YES;
				CLANG_WARN_OBJC_ROOT_CLASS = YES_ERROR;
				CLANG_WARN_UNREACHABLE_CODE = YES;
				CLANG_WARN__DUPLICATE_METHOD_MATCH = YES;
				"CODE_SIGN_IDENTITY[sdk=iphoneos*]" = "iPhone Developer";
				COPY_PHASE_STRIP = NO;
				DEBUG_INFORMATION_FORMAT = dwarf;
				ENABLE_STRICT_OBJC_MSGSEND = YES;
				ENABLE_TESTABILITY = YES;
				GCC_C_LANGUAGE_STANDARD = gnu99;
				GCC_DYNAMIC_NO_PIC = NO;
				GCC_NO_COMMON_BLOCKS = YES;
				GCC_OPTIMIZATION_LEVEL = 0;
				GCC_PREPROCESSOR_DEFINITIONS = (
					"DEBUG=1",
					"$(inherited)",
				);
				GCC_WARN_64_TO_32_BIT_CONVERSION = YES;
				GCC_WARN_ABOUT_RETURN_TYPE = YES_ERROR;
				GCC_WARN_UNDECLARED_SELECTOR = YES;
				GCC_WARN_UNINITIALIZED_AUTOS = YES_AGGRESSIVE;
				GCC_WARN_UNUSED_FUNCTION = YES;
				GCC_WARN_UNUSED_VARIABLE = YES;
				IPHONEOS_DEPLOYMENT_TARGET = 9.2;
				MTL_ENABLE_DEBUG_INFO = YES;
				ONLY_ACTIVE_ARCH = YES;
				SDKROOT = iphoneos;
			};
			name = Debug;
		};
		04E0DE341D942A7900EE92F8 /* Release */ = {
			isa = XCBuildConfiguration;
			buildSettings = {
				ALWAYS_SEARCH_USER_PATHS = NO;
				CLANG_CXX_LANGUAGE_STANDARD = "gnu++0x";
				CLANG_CXX_LIBRARY = "libc++";
				CLANG_ENABLE_MODULES = YES;
				CLANG_ENABLE_OBJC_ARC = YES;
				CLANG_WARN_BOOL_CONVERSION = YES;
				CLANG_WARN_CONSTANT_CONVERSION = YES;
				CLANG_WARN_DIRECT_OBJC_ISA_USAGE = YES_ERROR;
				CLANG_WARN_EMPTY_BODY = YES;
				CLANG_WARN_ENUM_CONVERSION = YES;
				CLANG_WARN_INT_CONVERSION = YES;
				CLANG_WARN_OBJC_ROOT_CLASS = YES_ERROR;
				CLANG_WARN_UNREACHABLE_CODE = YES;
				CLANG_WARN__DUPLICATE_METHOD_MATCH = YES;
				"CODE_SIGN_IDENTITY[sdk=iphoneos*]" = "iPhone Developer";
				COPY_PHASE_STRIP = NO;
				DEBUG_INFORMATION_FORMAT = "dwarf-with-dsym";
				ENABLE_NS_ASSERTIONS = NO;
				ENABLE_STRICT_OBJC_MSGSEND = YES;
				GCC_C_LANGUAGE_STANDARD = gnu99;
				GCC_NO_COMMON_BLOCKS = YES;
				GCC_WARN_64_TO_32_BIT_CONVERSION = YES;
				GCC_WARN_ABOUT_RETURN_TYPE = YES_ERROR;
				GCC_WARN_UNDECLARED_SELECTOR = YES;
				GCC_WARN_UNINITIALIZED_AUTOS = YES_AGGRESSIVE;
				GCC_WARN_UNUSED_FUNCTION = YES;
				GCC_WARN_UNUSED_VARIABLE = YES;
				IPHONEOS_DEPLOYMENT_TARGET = 9.2;
				MTL_ENABLE_DEBUG_INFO = NO;
				SDKROOT = iphoneos;
				VALIDATE_PRODUCT = YES;
			};
			name = Release;
		};
		04E0DE361D942A7900EE92F8 /* Debug */ = {
			isa = XCBuildConfiguration;
			buildSettings = {
				ASSETCATALOG_COMPILER_APPICON_NAME = AppIcon;
				CODE_SIGN_IDENTITY = "iPhone Developer";
				"CODE_SIGN_IDENTITY[sdk=iphoneos*]" = "iPhone Developer";
				INFOPLIST_FILE = voices/Info.plist;
				IPHONEOS_DEPLOYMENT_TARGET = 7.0;
				LD_RUNPATH_SEARCH_PATHS = "$(inherited) @executable_path/Frameworks";
				LIBRARY_SEARCH_PATHS = (
					"$(inherited)",
					"$(PROJECT_DIR)",
				);
				ONLY_ACTIVE_ARCH = YES;
				OTHER_LDFLAGS = "";
				PRODUCT_BUNDLE_IDENTIFIER = "-23.voices";
				PRODUCT_NAME = "$(TARGET_NAME)";
				PROVISIONING_PROFILE = "";
			};
			name = Debug;
		};
		04E0DE371D942A7900EE92F8 /* Release */ = {
			isa = XCBuildConfiguration;
			buildSettings = {
				ASSETCATALOG_COMPILER_APPICON_NAME = AppIcon;
				CODE_SIGN_IDENTITY = "iPhone Developer";
				"CODE_SIGN_IDENTITY[sdk=iphoneos*]" = "iPhone Developer";
				INFOPLIST_FILE = voices/Info.plist;
				IPHONEOS_DEPLOYMENT_TARGET = 7.0;
				LD_RUNPATH_SEARCH_PATHS = "$(inherited) @executable_path/Frameworks";
				LIBRARY_SEARCH_PATHS = (
					"$(inherited)",
					"$(PROJECT_DIR)",
				);
				ONLY_ACTIVE_ARCH = NO;
				OTHER_LDFLAGS = "";
				PRODUCT_BUNDLE_IDENTIFIER = "-23.voices";
				PRODUCT_NAME = "$(TARGET_NAME)";
				PROVISIONING_PROFILE = "";
			};
			name = Release;
		};
		04E0DE391D942A7900EE92F8 /* Debug */ = {
			isa = XCBuildConfiguration;
			buildSettings = {
				BUNDLE_LOADER = "$(TEST_HOST)";
				INFOPLIST_FILE = voicesTests/Info.plist;
				LD_RUNPATH_SEARCH_PATHS = "$(inherited) @executable_path/Frameworks @loader_path/Frameworks";
				PRODUCT_BUNDLE_IDENTIFIER = "-23.voicesTests";
				PRODUCT_NAME = "$(TARGET_NAME)";
				TEST_HOST = "$(BUILT_PRODUCTS_DIR)/voices.app/voices";
			};
			name = Debug;
		};
		04E0DE3A1D942A7900EE92F8 /* Release */ = {
			isa = XCBuildConfiguration;
			buildSettings = {
				BUNDLE_LOADER = "$(TEST_HOST)";
				INFOPLIST_FILE = voicesTests/Info.plist;
				LD_RUNPATH_SEARCH_PATHS = "$(inherited) @executable_path/Frameworks @loader_path/Frameworks";
				PRODUCT_BUNDLE_IDENTIFIER = "-23.voicesTests";
				PRODUCT_NAME = "$(TARGET_NAME)";
				TEST_HOST = "$(BUILT_PRODUCTS_DIR)/voices.app/voices";
			};
			name = Release;
		};
		04E0DE3C1D942A7900EE92F8 /* Debug */ = {
			isa = XCBuildConfiguration;
			buildSettings = {
				INFOPLIST_FILE = voicesUITests/Info.plist;
				LD_RUNPATH_SEARCH_PATHS = "$(inherited) @executable_path/Frameworks @loader_path/Frameworks";
				PRODUCT_BUNDLE_IDENTIFIER = "-23.voicesUITests";
				PRODUCT_NAME = "$(TARGET_NAME)";
				TEST_TARGET_NAME = voices;
				USES_XCTRUNNER = YES;
			};
			name = Debug;
		};
		04E0DE3D1D942A7900EE92F8 /* Release */ = {
			isa = XCBuildConfiguration;
			buildSettings = {
				INFOPLIST_FILE = voicesUITests/Info.plist;
				LD_RUNPATH_SEARCH_PATHS = "$(inherited) @executable_path/Frameworks @loader_path/Frameworks";
				PRODUCT_BUNDLE_IDENTIFIER = "-23.voicesUITests";
				PRODUCT_NAME = "$(TARGET_NAME)";
				TEST_TARGET_NAME = voices;
				USES_XCTRUNNER = YES;
			};
			name = Release;
		};
/* End XCBuildConfiguration section */

/* Begin XCConfigurationList section */
		04E0DE031D942A7900EE92F8 /* Build configuration list for PBXProject "voices" */ = {
			isa = XCConfigurationList;
			buildConfigurations = (
				04E0DE331D942A7900EE92F8 /* Debug */,
				04E0DE341D942A7900EE92F8 /* Release */,
			);
			defaultConfigurationIsVisible = 0;
			defaultConfigurationName = Release;
		};
		04E0DE351D942A7900EE92F8 /* Build configuration list for PBXNativeTarget "voices" */ = {
			isa = XCConfigurationList;
			buildConfigurations = (
				04E0DE361D942A7900EE92F8 /* Debug */,
				04E0DE371D942A7900EE92F8 /* Release */,
			);
			defaultConfigurationIsVisible = 0;
			defaultConfigurationName = Release;
		};
		04E0DE381D942A7900EE92F8 /* Build configuration list for PBXNativeTarget "voicesTests" */ = {
			isa = XCConfigurationList;
			buildConfigurations = (
				04E0DE391D942A7900EE92F8 /* Debug */,
				04E0DE3A1D942A7900EE92F8 /* Release */,
			);
			defaultConfigurationIsVisible = 0;
			defaultConfigurationName = Release;
		};
		04E0DE3B1D942A7900EE92F8 /* Build configuration list for PBXNativeTarget "voicesUITests" */ = {
			isa = XCConfigurationList;
			buildConfigurations = (
				04E0DE3C1D942A7900EE92F8 /* Debug */,
				04E0DE3D1D942A7900EE92F8 /* Release */,
			);
			defaultConfigurationIsVisible = 0;
			defaultConfigurationName = Release;
		};
/* End XCConfigurationList section */
	};
	rootObject = 04E0DE001D942A7900EE92F8 /* Project object */;
}
